// !$*UTF8*$!
{
	archiveVersion = 1;
	classes = {
	};
	objectVersion = 46;
	objects = {

/* Begin PBXBuildFile section */
		FC6555751E943CC6002F7859 /* AppDelegate.swift in Sources */ = {isa = PBXBuildFile; fileRef = FC6555741E943CC6002F7859 /* AppDelegate.swift */; };
		FC65557A1E943CC6002F7859 /* Main.storyboard in Resources */ = {isa = PBXBuildFile; fileRef = FC6555781E943CC6002F7859 /* Main.storyboard */; };
		FC65557C1E943CC6002F7859 /* Assets.xcassets in Resources */ = {isa = PBXBuildFile; fileRef = FC65557B1E943CC6002F7859 /* Assets.xcassets */; };
		FC65557F1E943CC6002F7859 /* LaunchScreen.storyboard in Resources */ = {isa = PBXBuildFile; fileRef = FC65557D1E943CC6002F7859 /* LaunchScreen.storyboard */; };
		FC6555891E943D74002F7859 /* ViewController.swift in Sources */ = {isa = PBXBuildFile; fileRef = FC6555881E943D74002F7859 /* ViewController.swift */; };
/* End PBXBuildFile section */

/* Begin PBXFileReference section */
		FC6555711E943CC6002F7859 /* ProjectND.app */ = {isa = PBXFileReference; explicitFileType = wrapper.application; includeInIndex = 0; path = ProjectND.app; sourceTree = BUILT_PRODUCTS_DIR; };
		FC6555741E943CC6002F7859 /* AppDelegate.swift */ = {isa = PBXFileReference; lastKnownFileType = sourcecode.swift; path = AppDelegate.swift; sourceTree = "<group>"; };
		FC6555791E943CC6002F7859 /* Base */ = {isa = PBXFileReference; lastKnownFileType = file.storyboard; name = Base; path = Base.lproj/Main.storyboard; sourceTree = "<group>"; };
		FC65557B1E943CC6002F7859 /* Assets.xcassets */ = {isa = PBXFileReference; lastKnownFileType = folder.assetcatalog; path = Assets.xcassets; sourceTree = "<group>"; };
		FC65557E1E943CC6002F7859 /* Base */ = {isa = PBXFileReference; lastKnownFileType = file.storyboard; name = Base; path = Base.lproj/LaunchScreen.storyboard; sourceTree = "<group>"; };
		FC6555801E943CC6002F7859 /* Info.plist */ = {isa = PBXFileReference; lastKnownFileType = text.plist.xml; path = Info.plist; sourceTree = "<group>"; };
		FC6555881E943D74002F7859 /* ViewController.swift */ = {isa = PBXFileReference; fileEncoding = 4; lastKnownFileType = sourcecode.swift; path = ViewController.swift; sourceTree = "<group>"; };
/* End PBXFileReference section */

/* Begin PBXFrameworksBuildPhase section */
		FC65556E1E943CC6002F7859 /* Frameworks */ = {
			isa = PBXFrameworksBuildPhase;
			buildActionMask = 2147483647;
			files = (
			);
			runOnlyForDeploymentPostprocessing = 0;
		};
/* End PBXFrameworksBuildPhase section */

/* Begin PBXGroup section */
		FC6555681E943CC6002F7859 = {
			isa = PBXGroup;
			children = (
				FC6555731E943CC6002F7859 /* ProjectND */,
				FC6555721E943CC6002F7859 /* Products */,
			);
			sourceTree = "<group>";
		};
		FC6555721E943CC6002F7859 /* Products */ = {
			isa = PBXGroup;
			children = (
				FC6555711E943CC6002F7859 /* ProjectND.app */,
			);
			name = Products;
			sourceTree = "<group>";
		};
		FC6555731E943CC6002F7859 /* ProjectND */ = {
			isa = PBXGroup;
			children = (
				FC6555741E943CC6002F7859 /* AppDelegate.swift */,
				FC6555861E943D47002F7859 /* Controllers */,
				FC6555871E943D47002F7859 /* Models */,
				FC6555781E943CC6002F7859 /* Main.storyboard */,
				FC65557B1E943CC6002F7859 /* Assets.xcassets */,
				FC65557D1E943CC6002F7859 /* LaunchScreen.storyboard */,
				FC6555801E943CC6002F7859 /* Info.plist */,
			);
			path = ProjectND;
			sourceTree = "<group>";
		};
		FC6555861E943D47002F7859 /* Controllers */ = {
			isa = PBXGroup;
			children = (
				FC6555881E943D74002F7859 /* ViewController.swift */,
			);
			path = Controllers;
			sourceTree = "<group>";
		};
		FC6555871E943D47002F7859 /* Models */ = {
			isa = PBXGroup;
			children = (
			);
			path = Models;
			sourceTree = "<group>";
		};
/* End PBXGroup section */

/* Begin PBXNativeTarget section */
		FC6555701E943CC6002F7859 /* ProjectND */ = {
			isa = PBXNativeTarget;
			buildConfigurationList = FC6555831E943CC6002F7859 /* Build configuration list for PBXNativeTarget "ProjectND" */;
			buildPhases = (
				FC65556D1E943CC6002F7859 /* Sources */,
				FC65556E1E943CC6002F7859 /* Frameworks */,
				FC65556F1E943CC6002F7859 /* Resources */,
			);
			buildRules = (
			);
			dependencies = (
			);
			name = ProjectND;
			productName = ProjectND;
			productReference = FC6555711E943CC6002F7859 /* ProjectND.app */;
			productType = "com.apple.product-type.application";
		};
/* End PBXNativeTarget section */

/* Begin PBXProject section */
		FC6555691E943CC6002F7859 /* Project object */ = {
			isa = PBXProject;
			attributes = {
				LastSwiftUpdateCheck = 0830;
				LastUpgradeCheck = 0830;
				ORGANIZATIONNAME = Vilhelmas;
				TargetAttributes = {
					FC6555701E943CC6002F7859 = {
						CreatedOnToolsVersion = 8.3;
						ProvisioningStyle = Automatic;
					};
				};
			};
			buildConfigurationList = FC65556C1E943CC6002F7859 /* Build configuration list for PBXProject "ProjectND" */;
			compatibilityVersion = "Xcode 3.2";
			developmentRegion = English;
			hasScannedForEncodings = 0;
			knownRegions = (
				en,
				Base,
			);
			mainGroup = FC6555681E943CC6002F7859;
			productRefGroup = FC6555721E943CC6002F7859 /* Products */;
			projectDirPath = "";
			projectRoot = "";
			targets = (
				FC6555701E943CC6002F7859 /* ProjectND */,
			);
		};
/* End PBXProject section */

/* Begin PBXResourcesBuildPhase section */
		FC65556F1E943CC6002F7859 /* Resources */ = {
			isa = PBXResourcesBuildPhase;
			buildActionMask = 2147483647;
			files = (
				FC65557F1E943CC6002F7859 /* LaunchScreen.storyboard in Resources */,
				FC65557C1E943CC6002F7859 /* Assets.xcassets in Resources */,
				FC65557A1E943CC6002F7859 /* Main.storyboard in Resources */,
			);
			runOnlyForDeploymentPostprocessing = 0;
		};
/* End PBXResourcesBuildPhase section */

/* Begin PBXSourcesBuildPhase section */
		FC65556D1E943CC6002F7859 /* Sources */ = {
			isa = PBXSourcesBuildPhase;
			buildActionMask = 2147483647;
			files = (
				FC6555891E943D74002F7859 /* ViewController.swift in Sources */,
				FC6555751E943CC6002F7859 /* AppDelegate.swift in Sources */,
			);
			runOnlyForDeploymentPostprocessing = 0;
		};
/* End PBXSourcesBuildPhase section */

/* Begin PBXVariantGroup section */
		FC6555781E943CC6002F7859 /* Main.storyboard */ = {
			isa = PBXVariantGroup;
			children = (
				FC6555791E943CC6002F7859 /* Base */,
			);
			name = Main.storyboard;
			sourceTree = "<group>";
		};
		FC65557D1E943CC6002F7859 /* LaunchScreen.storyboard */ = {
			isa = PBXVariantGroup;
			children = (
				FC65557E1E943CC6002F7859 /* Base */,
			);
			name = LaunchScreen.storyboard;
			sourceTree = "<group>";
		};
/* End PBXVariantGroup section */

/* Begin XCBuildConfiguration section */
		FC6555811E943CC6002F7859 /* Debug */ = {
			isa = XCBuildConfiguration;
			buildSettings = {
				ALWAYS_SEARCH_USER_PATHS = NO;
				CLANG_ANALYZER_NONNULL = YES;
				CLANG_ANALYZER_NUMBER_OBJECT_CONVERSION = YES_AGGRESSIVE;
				CLANG_CXX_LANGUAGE_STANDARD = "gnu++0x";
				CLANG_CXX_LIBRARY = "libc++";
				CLANG_ENABLE_MODULES = YES;
				CLANG_ENABLE_OBJC_ARC = YES;
				CLANG_WARN_BOOL_CONVERSION = YES;
				CLANG_WARN_CONSTANT_CONVERSION = YES;
				CLANG_WARN_DIRECT_OBJC_ISA_USAGE = YES_ERROR;
				CLANG_WARN_DOCUMENTATION_COMMENTS = YES;
				CLANG_WARN_EMPTY_BODY = YES;
				CLANG_WARN_ENUM_CONVERSION = YES;
				CLANG_WARN_INFINITE_RECURSION = YES;
				CLANG_WARN_INT_CONVERSION = YES;
				CLANG_WARN_OBJC_ROOT_CLASS = YES_ERROR;
				CLANG_WARN_SUSPICIOUS_MOVE = YES;
				CLANG_WARN_UNREACHABLE_CODE = YES;
				CLANG_WARN__DUPLICATE_METHOD_MATCH = YES;
				"CODE_SIGN_IDENTITY[sdk=iphoneos*]" = "iPhone Developer";
				COPY_PHASE_STRIP = NO;
				DEBUG_INFORMATION_FORMAT = dwarf;
				ENABLE_STRICT_OBJC_MSGSEND = YES;
				ENABLE_TESTABILITY = YES;
				GCC_C_LANGUAGE_STANDARD = gnu99;
				GCC_DYNAMIC_NO_PIC = NO;
				GCC_NO_COMMON_BLOCKS = YES;
				GCC_OPTIMIZATION_LEVEL = 0;
				GCC_PREPROCESSOR_DEFINITIONS = (
					"DEBUG=1",
					"$(inherited)",
				);
				GCC_WARN_64_TO_32_BIT_CONVERSION = YES;
				GCC_WARN_ABOUT_RETURN_TYPE = YES_ERROR;
				GCC_WARN_UNDECLARED_SELECTOR = YES;
				GCC_WARN_UNINITIALIZED_AUTOS = YES_AGGRESSIVE;
				GCC_WARN_UNUSED_FUNCTION = YES;
				GCC_WARN_UNUSED_VARIABLE = YES;
				IPHONEOS_DEPLOYMENT_TARGET = 10.3;
				MTL_ENABLE_DEBUG_INFO = YES;
				ONLY_ACTIVE_ARCH = YES;
				SDKROOT = iphoneos;
				SWIFT_ACTIVE_COMPILATION_CONDITIONS = DEBUG;
				SWIFT_OPTIMIZATION_LEVEL = "-Onone";
				TARGETED_DEVICE_FAMILY = "1,2";
			};
			name = Debug;
		};
		FC6555821E943CC6002F7859 /* Release */ = {
			isa = XCBuildConfiguration;
			buildSettings = {
				ALWAYS_SEARCH_USER_PATHS = NO;
				CLANG_ANALYZER_NONNULL = YES;
				CLANG_ANALYZER_NUMBER_OBJECT_CONVERSION = YES_AGGRESSIVE;
				CLANG_CXX_LANGUAGE_STANDARD = "gnu++0x";
				CLANG_CXX_LIBRARY = "libc++";
				CLANG_ENABLE_MODULES = YES;
				CLANG_ENABLE_OBJC_ARC = YES;
				CLANG_WARN_BOOL_CONVERSION = YES;
				CLANG_WARN_CONSTANT_CONVERSION = YES;
				CLANG_WARN_DIRECT_OBJC_ISA_USAGE = YES_ERROR;
				CLANG_WARN_DOCUMENTATION_COMMENTS = YES;
				CLANG_WARN_EMPTY_BODY = YES;
				CLANG_WARN_ENUM_CONVERSION = YES;
				CLANG_WARN_INFINITE_RECURSION = YES;
				CLANG_WARN_INT_CONVERSION = YES;
				CLANG_WARN_OBJC_ROOT_CLASS = YES_ERROR;
				CLANG_WARN_SUSPICIOUS_MOVE = YES;
				CLANG_WARN_UNREACHABLE_CODE = YES;
				CLANG_WARN__DUPLICATE_METHOD_MATCH = YES;
				"CODE_SIGN_IDENTITY[sdk=iphoneos*]" = "iPhone Developer";
				COPY_PHASE_STRIP = NO;
				DEBUG_INFORMATION_FORMAT = "dwarf-with-dsym";
				ENABLE_NS_ASSERTIONS = NO;
				ENABLE_STRICT_OBJC_MSGSEND = YES;
				GCC_C_LANGUAGE_STANDARD = gnu99;
				GCC_NO_COMMON_BLOCKS = YES;
				GCC_WARN_64_TO_32_BIT_CONVERSION = YES;
				GCC_WARN_ABOUT_RETURN_TYPE = YES_ERROR;
				GCC_WARN_UNDECLARED_SELECTOR = YES;
				GCC_WARN_UNINITIALIZED_AUTOS = YES_AGGRESSIVE;
				GCC_WARN_UNUSED_FUNCTION = YES;
				GCC_WARN_UNUSED_VARIABLE = YES;
				IPHONEOS_DEPLOYMENT_TARGET = 10.3;
				MTL_ENABLE_DEBUG_INFO = NO;
				SDKROOT = iphoneos;
				SWIFT_OPTIMIZATION_LEVEL = "-Owholemodule";
				TARGETED_DEVICE_FAMILY = "1,2";
				VALIDATE_PRODUCT = YES;
			};
			name = Release;
		};
		FC6555841E943CC6002F7859 /* Debug */ = {
			isa = XCBuildConfiguration;
			buildSettings = {
				ASSETCATALOG_COMPILER_APPICON_NAME = AppIcon;
				INFOPLIST_FILE = ProjectND/Info.plist;
				LD_RUNPATH_SEARCH_PATHS = "$(inherited) @executable_path/Frameworks";
				PRODUCT_BUNDLE_IDENTIFIER = preiksas.ProjectND;
				PRODUCT_NAME = "$(TARGET_NAME)";
				SWIFT_VERSION = 3.0;
			};
			name = Debug;
		};
		FC6555851E943CC6002F7859 /* Release */ = {
			isa = XCBuildConfiguration;
			buildSettings = {
				ASSETCATALOG_COMPILER_APPICON_NAME = AppIcon;
				INFOPLIST_FILE = ProjectND/Info.plist;
				LD_RUNPATH_SEARCH_PATHS = "$(inherited) @executable_path/Frameworks";
				PRODUCT_BUNDLE_IDENTIFIER = preiksas.ProjectND;
				PRODUCT_NAME = "$(TARGET_NAME)";
				SWIFT_VERSION = 3.0;
			};
			name = Release;
		};
/* End XCBuildConfiguration section */

/* Begin XCConfigurationList section */
		FC65556C1E943CC6002F7859 /* Build configuration list for PBXProject "ProjectND" */ = {
			isa = XCConfigurationList;
			buildConfigurations = (
				FC6555811E943CC6002F7859 /* Debug */,
				FC6555821E943CC6002F7859 /* Release */,
			);
			defaultConfigurationIsVisible = 0;
			defaultConfigurationName = Release;
		};
		FC6555831E943CC6002F7859 /* Build configuration list for PBXNativeTarget "ProjectND" */ = {
			isa = XCConfigurationList;
			buildConfigurations = (
				FC6555841E943CC6002F7859 /* Debug */,
				FC6555851E943CC6002F7859 /* Release */,
			);
			defaultConfigurationIsVisible = 0;
		};
/* End XCConfigurationList section */
	};
	rootObject = FC6555691E943CC6002F7859 /* Project object */;
}
